
Microsoft Visual Studio Solution File, Format Version 12.00
# Visual Studio Version 17
VisualStudioVersion = 17.14.36221.1 d17.14
MinimumVisualStudioVersion = 10.0.40219.1
Project("{FAE04EC0-301F-11D3-BF4B-00C04F79EFBC}") = "IdentityService", "IdentityService\IdentityService.csproj", "{07508351-6CD3-4B30-A7AC-CE7A8C89A361}"
EndProject
Project("{FAE04EC0-301F-11D3-BF4B-00C04F79EFBC}") = "ProcurementService", "ProcurementService\ProcurementService.csproj", "{95FED5DB-493A-4E50-AF3A-CE16E79D1353}"
EndProject
Project("{FAE04EC0-301F-11D3-BF4B-00C04F79EFBC}") = "VendorService", "VendorService\VendorService.csproj", "{AA7E696F-9A6B-4F12-95D1-216BF1D62B3D}"
EndProject
Project("{FAE04EC0-301F-11D3-BF4B-00C04F79EFBC}") = "ContractService", "ContractService\ContractService.csproj", "{B95A39DC-69B7-4ADC-ADA5-9F797BBEC361}"
EndProject
Project("{FAE04EC0-301F-11D3-BF4B-00C04F79EFBC}") = "InventoryService", "InventoryService\InventoryService.csproj", "{BA8BB977-5F31-438F-A237-077B574E39BA}"
EndProject
Global
	GlobalSection(SolutionConfigurationPlatforms) = preSolution
		Debug|Any CPU = Debug|Any CPU
		Release|Any CPU = Release|Any CPU
	EndGlobalSection
	GlobalSection(ProjectConfigurationPlatforms) = postSolution
		{07508351-6CD3-4B30-A7AC-CE7A8C89A361}.Debug|Any CPU.ActiveCfg = Debug|Any CPU
		{07508351-6CD3-4B30-A7AC-CE7A8C89A361}.Debug|Any CPU.Build.0 = Debug|Any CPU
		{07508351-6CD3-4B30-A7AC-CE7A8C89A361}.Release|Any CPU.ActiveCfg = Release|Any CPU
		{07508351-6CD3-4B30-A7AC-CE7A8C89A361}.Release|Any CPU.Build.0 = Release|Any CPU
		{95FED5DB-493A-4E50-AF3A-CE16E79D1353}.Debug|Any CPU.ActiveCfg = Debug|Any CPU
		{95FED5DB-493A-4E50-AF3A-CE16E79D1353}.Debug|Any CPU.Build.0 = Debug|Any CPU
		{95FED5DB-493A-4E50-AF3A-CE16E79D1353}.Release|Any CPU.ActiveCfg = Release|Any CPU
		{95FED5DB-493A-4E50-AF3A-CE16E79D1353}.Release|Any CPU.Build.0 = Release|Any CPU
		{AA7E696F-9A6B-4F12-95D1-216BF1D62B3D}.Debug|Any CPU.ActiveCfg = Debug|Any CPU
		{AA7E696F-9A6B-4F12-95D1-216BF1D62B3D}.Debug|Any CPU.Build.0 = Debug|Any CPU
		{AA7E696F-9A6B-4F12-95D1-216BF1D62B3D}.Release|Any CPU.ActiveCfg = Release|Any CPU
		{AA7E696F-9A6B-4F12-95D1-216BF1D62B3D}.Release|Any CPU.Build.0 = Release|Any CPU
		{B95A39DC-69B7-4ADC-ADA5-9F797BBEC361}.Debug|Any CPU.ActiveCfg = Debug|Any CPU
		{B95A39DC-69B7-4ADC-ADA5-9F797BBEC361}.Debug|Any CPU.Build.0 = Debug|Any CPU
		{B95A39DC-69B7-4ADC-ADA5-9F797BBEC361}.Release|Any CPU.ActiveCfg = Release|Any CPU
		{B95A39DC-69B7-4ADC-ADA5-9F797BBEC361}.Release|Any CPU.Build.0 = Release|Any CPU
		{BA8BB977-5F31-438F-A237-077B574E39BA}.Debug|Any CPU.ActiveCfg = Debug|Any CPU
		{BA8BB977-5F31-438F-A237-077B574E39BA}.Debug|Any CPU.Build.0 = Debug|Any CPU
		{BA8BB977-5F31-438F-A237-077B574E39BA}.Release|Any CPU.ActiveCfg = Release|Any CPU
		{BA8BB977-5F31-438F-A237-077B574E39BA}.Release|Any CPU.Build.0 = Release|Any CPU
	EndGlobalSection
	GlobalSection(SolutionProperties) = preSolution
		HideSolutionNode = FALSE
	EndGlobalSection
	GlobalSection(ExtensibilityGlobals) = postSolution
		SolutionGuid = {D52240ED-2C62-4D99-89D3-6D223436A842}
	EndGlobalSection
EndGlobal
